
Microsoft Visual Studio Solution File, Format Version 12.00
# Visual Studio Version 17
VisualStudioVersion = 17.8.34511.84
MinimumVisualStudioVersion = 10.0.40219.1
Project("{FAE04EC0-301F-11D3-BF4B-00C04F79EFBC}") = "server", "server.csproj", "{2E04169B-6FD6-47AC-8F12-A38ABF7430F0}"
EndProject
Project("{FAE04EC0-301F-11D3-BF4B-00C04F79EFBC}") = "BLL", "..\BLL\BLL.csproj", "{F1DE2F14-E359-4CB6-A4FC-2F2BC2E21326}"
EndProject
Project("{FAE04EC0-301F-11D3-BF4B-00C04F79EFBC}") = "DAL", "..\DAL\DAL.csproj", "{5D8C95DD-63F3-4E09-8604-4034AA344D2A}"
EndProject
Global
	GlobalSection(SolutionConfigurationPlatforms) = preSolution
		Debug|Any CPU = Debug|Any CPU
		Release|Any CPU = Release|Any CPU
	EndGlobalSection
	GlobalSection(ProjectConfigurationPlatforms) = postSolution
		{2E04169B-6FD6-47AC-8F12-A38ABF7430F0}.Debug|Any CPU.ActiveCfg = Debug|Any CPU
		{2E04169B-6FD6-47AC-8F12-A38ABF7430F0}.Debug|Any CPU.Build.0 = Debug|Any CPU
		{2E04169B-6FD6-47AC-8F12-A38ABF7430F0}.Release|Any CPU.ActiveCfg = Release|Any CPU
		{2E04169B-6FD6-47AC-8F12-A38ABF7430F0}.Release|Any CPU.Build.0 = Release|Any CPU
		{F1DE2F14-E359-4CB6-A4FC-2F2BC2E21326}.Debug|Any CPU.ActiveCfg = Debug|Any CPU
		{F1DE2F14-E359-4CB6-A4FC-2F2BC2E21326}.Debug|Any CPU.Build.0 = Debug|Any CPU
		{F1DE2F14-E359-4CB6-A4FC-2F2BC2E21326}.Release|Any CPU.ActiveCfg = Release|Any CPU
		{F1DE2F14-E359-4CB6-A4FC-2F2BC2E21326}.Release|Any CPU.Build.0 = Release|Any CPU
		{5D8C95DD-63F3-4E09-8604-4034AA344D2A}.Debug|Any CPU.ActiveCfg = Debug|Any CPU
		{5D8C95DD-63F3-4E09-8604-4034AA344D2A}.Debug|Any CPU.Build.0 = Debug|Any CPU
		{5D8C95DD-63F3-4E09-8604-4034AA344D2A}.Release|Any CPU.ActiveCfg = Release|Any CPU
		{5D8C95DD-63F3-4E09-8604-4034AA344D2A}.Release|Any CPU.Build.0 = Release|Any CPU
	EndGlobalSection
	GlobalSection(SolutionProperties) = preSolution
		HideSolutionNode = FALSE
	EndGlobalSection
	GlobalSection(ExtensibilityGlobals) = postSolution
		SolutionGuid = {AFA32401-23E3-4BC6-8FE9-CB50C47479D5}
	EndGlobalSection
EndGlobal
